// !$*UTF8*$!
{
	archiveVersion = 1;
	classes = {
	};
	objectVersion = 56;
	objects = {

/* Begin PBXBuildFile section */
		9C1192102B7EB7BF001B6CD4 /* GetArtworksUseCase.swift in Sources */ = {isa = PBXBuildFile; fileRef = 9C11920F2B7EB7BF001B6CD4 /* GetArtworksUseCase.swift */; };
		9C1192152B7EBE50001B6CD4 /* ArtworksRepository.swift in Sources */ = {isa = PBXBuildFile; fileRef = 9C1192142B7EBE50001B6CD4 /* ArtworksRepository.swift */; };
		9C1192172B7EBEB1001B6CD4 /* ArtworksRepositoryImpl.swift in Sources */ = {isa = PBXBuildFile; fileRef = 9C1192162B7EBEB1001B6CD4 /* ArtworksRepositoryImpl.swift */; };
		9C11921E2B7EC16A001B6CD4 /* GetArtworksUseCaseImpl.swift in Sources */ = {isa = PBXBuildFile; fileRef = 9C11921D2B7EC16A001B6CD4 /* GetArtworksUseCaseImpl.swift */; };
		9C1192222B7EC2D8001B6CD4 /* Constants.swift in Sources */ = {isa = PBXBuildFile; fileRef = 9C1192212B7EC2D8001B6CD4 /* Constants.swift */; };
		9C1192232B7EC309001B6CD4 /* NetworkError.swift in Sources */ = {isa = PBXBuildFile; fileRef = 9C11921A2B7EBFFB001B6CD4 /* NetworkError.swift */; };
		9C11922D2B7EC3B4001B6CD4 /* Presentation.docc in Sources */ = {isa = PBXBuildFile; fileRef = 9C11922C2B7EC3B4001B6CD4 /* Presentation.docc */; };
		9C1192332B7EC3B4001B6CD4 /* Presentation.framework in Frameworks */ = {isa = PBXBuildFile; fileRef = 9C1192292B7EC3B4001B6CD4 /* Presentation.framework */; };
		9C11923A2B7EC3B4001B6CD4 /* ArtworksListViewModelImplTests.swift in Sources */ = {isa = PBXBuildFile; fileRef = 9C1192392B7EC3B4001B6CD4 /* ArtworksListViewModelImplTests.swift */; };
		9C11923B2B7EC3B4001B6CD4 /* Presentation.h in Headers */ = {isa = PBXBuildFile; fileRef = 9C11922B2B7EC3B4001B6CD4 /* Presentation.h */; settings = {ATTRIBUTES = (Public, ); }; };
		9C11923E2B7EC3B4001B6CD4 /* Presentation.framework in Frameworks */ = {isa = PBXBuildFile; fileRef = 9C1192292B7EC3B4001B6CD4 /* Presentation.framework */; };
		9C11923F2B7EC3B4001B6CD4 /* Presentation.framework in Embed Frameworks */ = {isa = PBXBuildFile; fileRef = 9C1192292B7EC3B4001B6CD4 /* Presentation.framework */; settings = {ATTRIBUTES = (CodeSignOnCopy, RemoveHeadersOnCopy, ); }; };
		9C11924A2B7EC43E001B6CD4 /* ArtworksListViewModel.swift in Sources */ = {isa = PBXBuildFile; fileRef = 9C1192492B7EC43E001B6CD4 /* ArtworksListViewModel.swift */; };
		9C11924C2B7EC485001B6CD4 /* ArtworksListViewModelImpl.swift in Sources */ = {isa = PBXBuildFile; fileRef = 9C11924B2B7EC485001B6CD4 /* ArtworksListViewModelImpl.swift */; };
		9C1192502B7EC503001B6CD4 /* PresentationError.swift in Sources */ = {isa = PBXBuildFile; fileRef = 9C11924F2B7EC503001B6CD4 /* PresentationError.swift */; };
		9CAA6C162B7EC5C900B056E6 /* ArtworksListView.swift in Sources */ = {isa = PBXBuildFile; fileRef = 9CAA6C152B7EC5C900B056E6 /* ArtworksListView.swift */; };
		9CAA6C172B7EC8E200B056E6 /* Domain.framework in Frameworks */ = {isa = PBXBuildFile; fileRef = 9CFA8A292B7EABFF007C78DA /* Domain.framework */; };
		9CAA6C182B7EC8E200B056E6 /* Domain.framework in Embed Frameworks */ = {isa = PBXBuildFile; fileRef = 9CFA8A292B7EABFF007C78DA /* Domain.framework */; settings = {ATTRIBUTES = (CodeSignOnCopy, RemoveHeadersOnCopy, ); }; };
		9CAA6C202B7FA56300B056E6 /* ArtworksDetailViewModel.swift in Sources */ = {isa = PBXBuildFile; fileRef = 9CAA6C1F2B7FA56300B056E6 /* ArtworksDetailViewModel.swift */; };
		9CAA6C222B7FA5BA00B056E6 /* ArtworkDetailViewModelImpl.swift in Sources */ = {isa = PBXBuildFile; fileRef = 9CAA6C212B7FA5BA00B056E6 /* ArtworkDetailViewModelImpl.swift */; };
		9CAA6C242B7FA6F700B056E6 /* GetArtworksArtistUseCase.swift in Sources */ = {isa = PBXBuildFile; fileRef = 9CAA6C232B7FA6F700B056E6 /* GetArtworksArtistUseCase.swift */; };
		9CAA6C262B7FA73400B056E6 /* ArtworksArtistModelData.swift in Sources */ = {isa = PBXBuildFile; fileRef = 9CAA6C252B7FA73400B056E6 /* ArtworksArtistModelData.swift */; };
		9CAA6C282B7FA7BB00B056E6 /* GetArtworksArtistUseCaseImpl.swift in Sources */ = {isa = PBXBuildFile; fileRef = 9CAA6C272B7FA7BB00B056E6 /* GetArtworksArtistUseCaseImpl.swift */; };
		9CAA6C2A2B7FA81200B056E6 /* ArtworksArtistRepository.swift in Sources */ = {isa = PBXBuildFile; fileRef = 9CAA6C292B7FA81200B056E6 /* ArtworksArtistRepository.swift */; };
		9CAA6C2C2B7FA95100B056E6 /* ArtworksDetailView.swift in Sources */ = {isa = PBXBuildFile; fileRef = 9CAA6C2B2B7FA95100B056E6 /* ArtworksDetailView.swift */; };
		9CAA6C2F2B7FAC8000B056E6 /* Factories.swift in Sources */ = {isa = PBXBuildFile; fileRef = 9CAA6C2E2B7FAC8000B056E6 /* Factories.swift */; };
		9CAA6C312B7FAE3F00B056E6 /* ArtworksArtistRepositoryImpl.swift in Sources */ = {isa = PBXBuildFile; fileRef = 9CAA6C302B7FAE3F00B056E6 /* ArtworksArtistRepositoryImpl.swift */; };
		9CAA6C372B80035900B056E6 /* Strings.swift in Sources */ = {isa = PBXBuildFile; fileRef = 9CAA6C362B80035900B056E6 /* Strings.swift */; };
		9CAA6C762B8295A900B056E6 /* Extensions.swift in Sources */ = {isa = PBXBuildFile; fileRef = 9CAA6C752B8295A900B056E6 /* Extensions.swift */; };
		9CAA6C892B82CD1100B056E6 /* GetArtworksUseCaseImplTests.swift in Sources */ = {isa = PBXBuildFile; fileRef = 9CAA6C882B82CD1100B056E6 /* GetArtworksUseCaseImplTests.swift */; };
		9CAA6C932B82CDFB00B056E6 /* Stubs.swift in Sources */ = {isa = PBXBuildFile; fileRef = 9CAA6C922B82CDFB00B056E6 /* Stubs.swift */; };
		9CAA6C962B8386BD00B056E6 /* GetArtworksArtistUseCaseImplTests.swift in Sources */ = {isa = PBXBuildFile; fileRef = 9CAA6C952B8386BD00B056E6 /* GetArtworksArtistUseCaseImplTests.swift */; };
		9CAA6C982B83874800B056E6 /* ArtworksArtistRepositoryMock.swift in Sources */ = {isa = PBXBuildFile; fileRef = 9CAA6C972B83874800B056E6 /* ArtworksArtistRepositoryMock.swift */; };
		9CAA6C9B2B83877D00B056E6 /* ResponseMock.swift in Sources */ = {isa = PBXBuildFile; fileRef = 9CAA6C9A2B83877D00B056E6 /* ResponseMock.swift */; };
		9CAA6C9E2B838B7300B056E6 /* UrlProtocolMock.swift in Sources */ = {isa = PBXBuildFile; fileRef = 9CAA6C9D2B838B7300B056E6 /* UrlProtocolMock.swift */; };
		9CAA6CA02B838BB300B056E6 /* ArtworksRepositoryImplTests.swift in Sources */ = {isa = PBXBuildFile; fileRef = 9CAA6C9F2B838BB300B056E6 /* ArtworksRepositoryImplTests.swift */; };
		9CAA6CA22B838E7300B056E6 /* ArtworksArtistRepositoryImplTests.swift in Sources */ = {isa = PBXBuildFile; fileRef = 9CAA6CA12B838E7300B056E6 /* ArtworksArtistRepositoryImplTests.swift */; };
		9CAA6CA62B83926800B056E6 /* ArtworksListViewModelSpy.swift in Sources */ = {isa = PBXBuildFile; fileRef = 9CAA6CA52B83926800B056E6 /* ArtworksListViewModelSpy.swift */; };
		9CAA6CA82B83999000B056E6 /* GetArtworksUseCaseMock.swift in Sources */ = {isa = PBXBuildFile; fileRef = 9CAA6CA72B83999000B056E6 /* GetArtworksUseCaseMock.swift */; };
		9CAA6CA92B83CF2F00B056E6 /* ResponseMock.swift in Sources */ = {isa = PBXBuildFile; fileRef = 9CAA6C9A2B83877D00B056E6 /* ResponseMock.swift */; };
		9CAA6CAA2B83CF3300B056E6 /* Stubs.swift in Sources */ = {isa = PBXBuildFile; fileRef = 9CAA6C922B82CDFB00B056E6 /* Stubs.swift */; };
		9CAA6CAE2B83D6B600B056E6 /* ArtworksListViewTests.swift in Sources */ = {isa = PBXBuildFile; fileRef = 9CAA6CAD2B83D6B600B056E6 /* ArtworksListViewTests.swift */; };
		9CAA6CB12B83DC4800B056E6 /* ArtworksArtistViewModelSpy.swift in Sources */ = {isa = PBXBuildFile; fileRef = 9CAA6CB02B83DC4800B056E6 /* ArtworksArtistViewModelSpy.swift */; };
		9CAA6CB32B83DDBC00B056E6 /* GetArtworksArtistUseCaseMock.swift in Sources */ = {isa = PBXBuildFile; fileRef = 9CAA6CB22B83DDBC00B056E6 /* GetArtworksArtistUseCaseMock.swift */; };
		9CAA6CB52B83E1FD00B056E6 /* ArtworksDetailViewModelImplTests.swift in Sources */ = {isa = PBXBuildFile; fileRef = 9CAA6CB42B83E1FD00B056E6 /* ArtworksDetailViewModelImplTests.swift */; };
		9CAA6CB62B83E2D600B056E6 /* ArtworksArtistRepositoryMock.swift in Sources */ = {isa = PBXBuildFile; fileRef = 9CAA6C972B83874800B056E6 /* ArtworksArtistRepositoryMock.swift */; };
		9CAA6CB82B83E98900B056E6 /* ArtworksDetailViewTests.swift in Sources */ = {isa = PBXBuildFile; fileRef = 9CAA6CB72B83E98900B056E6 /* ArtworksDetailViewTests.swift */; };
		9CAA6CD62B85222600B056E6 /* NetworkMonitor.swift in Sources */ = {isa = PBXBuildFile; fileRef = 9CAA6CD52B85222600B056E6 /* NetworkMonitor.swift */; };
		9CB9A2582B863B4C0033EC54 /* ArtworksRepositoryMock.swift in Sources */ = {isa = PBXBuildFile; fileRef = 9CB9A2572B863B4C0033EC54 /* ArtworksRepositoryMock.swift */; };
		9CB9A2592B863B6D0033EC54 /* ArtworksRepositoryMock.swift in Sources */ = {isa = PBXBuildFile; fileRef = 9CB9A2572B863B4C0033EC54 /* ArtworksRepositoryMock.swift */; };
		9CFA8A172B7EABE6007C78DA /* ArtworksAppApp.swift in Sources */ = {isa = PBXBuildFile; fileRef = 9CFA8A162B7EABE6007C78DA /* ArtworksAppApp.swift */; };
		9CFA8A1B2B7EABE8007C78DA /* Assets.xcassets in Resources */ = {isa = PBXBuildFile; fileRef = 9CFA8A1A2B7EABE8007C78DA /* Assets.xcassets */; };
		9CFA8A1E2B7EABE8007C78DA /* Preview Assets.xcassets in Resources */ = {isa = PBXBuildFile; fileRef = 9CFA8A1D2B7EABE8007C78DA /* Preview Assets.xcassets */; };
		9CFA8A2D2B7EABFF007C78DA /* Domain.docc in Sources */ = {isa = PBXBuildFile; fileRef = 9CFA8A2C2B7EABFF007C78DA /* Domain.docc */; };
		9CFA8A2E2B7EABFF007C78DA /* Domain.h in Headers */ = {isa = PBXBuildFile; fileRef = 9CFA8A2B2B7EABFF007C78DA /* Domain.h */; settings = {ATTRIBUTES = (Public, ); }; };
		9CFA8A312B7EABFF007C78DA /* Domain.framework in Frameworks */ = {isa = PBXBuildFile; fileRef = 9CFA8A292B7EABFF007C78DA /* Domain.framework */; };
		9CFA8A322B7EABFF007C78DA /* Domain.framework in Embed Frameworks */ = {isa = PBXBuildFile; fileRef = 9CFA8A292B7EABFF007C78DA /* Domain.framework */; settings = {ATTRIBUTES = (CodeSignOnCopy, RemoveHeadersOnCopy, ); }; };
		9CFA8A402B7EAC0C007C78DA /* Data.docc in Sources */ = {isa = PBXBuildFile; fileRef = 9CFA8A3F2B7EAC0C007C78DA /* Data.docc */; };
		9CFA8A4E2B7EAC0D007C78DA /* Data.h in Headers */ = {isa = PBXBuildFile; fileRef = 9CFA8A3E2B7EAC0C007C78DA /* Data.h */; settings = {ATTRIBUTES = (Public, ); }; };
		9CFA8A512B7EAC0D007C78DA /* Data.framework in Frameworks */ = {isa = PBXBuildFile; fileRef = 9CFA8A3C2B7EAC0C007C78DA /* Data.framework */; };
		9CFA8A522B7EAC0D007C78DA /* Data.framework in Embed Frameworks */ = {isa = PBXBuildFile; fileRef = 9CFA8A3C2B7EAC0C007C78DA /* Data.framework */; settings = {ATTRIBUTES = (CodeSignOnCopy, RemoveHeadersOnCopy, ); }; };
		9CFA8A5A2B7EAC14007C78DA /* Domain.framework in Frameworks */ = {isa = PBXBuildFile; fileRef = 9CFA8A292B7EABFF007C78DA /* Domain.framework */; };
		9CFA8A5B2B7EAC14007C78DA /* Domain.framework in Embed Frameworks */ = {isa = PBXBuildFile; fileRef = 9CFA8A292B7EABFF007C78DA /* Domain.framework */; settings = {ATTRIBUTES = (CodeSignOnCopy, RemoveHeadersOnCopy, ); }; };
		9CFA8A682B7EAD03007C78DA /* ArtworksModelData.swift in Sources */ = {isa = PBXBuildFile; fileRef = 9CFA8A672B7EAD03007C78DA /* ArtworksModelData.swift */; };
/* End PBXBuildFile section */

/* Begin PBXContainerItemProxy section */
		9C1192342B7EC3B4001B6CD4 /* PBXContainerItemProxy */ = {
			isa = PBXContainerItemProxy;
			containerPortal = 9CFA8A0B2B7EABE6007C78DA /* Project object */;
			proxyType = 1;
			remoteGlobalIDString = 9C1192282B7EC3B3001B6CD4;
			remoteInfo = Presentation;
		};
		9C1192362B7EC3B4001B6CD4 /* PBXContainerItemProxy */ = {
			isa = PBXContainerItemProxy;
			containerPortal = 9CFA8A0B2B7EABE6007C78DA /* Project object */;
			proxyType = 1;
			remoteGlobalIDString = 9CFA8A122B7EABE6007C78DA;
			remoteInfo = ArtworksApp;
		};
		9C11923C2B7EC3B4001B6CD4 /* PBXContainerItemProxy */ = {
			isa = PBXContainerItemProxy;
			containerPortal = 9CFA8A0B2B7EABE6007C78DA /* Project object */;
			proxyType = 1;
			remoteGlobalIDString = 9C1192282B7EC3B3001B6CD4;
			remoteInfo = Presentation;
		};
		9CAA6C192B7EC8E200B056E6 /* PBXContainerItemProxy */ = {
			isa = PBXContainerItemProxy;
			containerPortal = 9CFA8A0B2B7EABE6007C78DA /* Project object */;
			proxyType = 1;
			remoteGlobalIDString = 9CFA8A282B7EABFF007C78DA;
			remoteInfo = Domain;
		};
		9CAA6C8A2B82CD1100B056E6 /* PBXContainerItemProxy */ = {
			isa = PBXContainerItemProxy;
			containerPortal = 9CFA8A0B2B7EABE6007C78DA /* Project object */;
			proxyType = 1;
			remoteGlobalIDString = 9CFA8A122B7EABE6007C78DA;
			remoteInfo = ArtworksApp;
		};
		9CFA8A2F2B7EABFF007C78DA /* PBXContainerItemProxy */ = {
			isa = PBXContainerItemProxy;
			containerPortal = 9CFA8A0B2B7EABE6007C78DA /* Project object */;
			proxyType = 1;
			remoteGlobalIDString = 9CFA8A282B7EABFF007C78DA;
			remoteInfo = Domain;
		};
		9CFA8A4F2B7EAC0D007C78DA /* PBXContainerItemProxy */ = {
			isa = PBXContainerItemProxy;
			containerPortal = 9CFA8A0B2B7EABE6007C78DA /* Project object */;
			proxyType = 1;
			remoteGlobalIDString = 9CFA8A3B2B7EAC0C007C78DA;
			remoteInfo = Data;
		};
		9CFA8A5C2B7EAC14007C78DA /* PBXContainerItemProxy */ = {
			isa = PBXContainerItemProxy;
			containerPortal = 9CFA8A0B2B7EABE6007C78DA /* Project object */;
			proxyType = 1;
			remoteGlobalIDString = 9CFA8A282B7EABFF007C78DA;
			remoteInfo = Domain;
		};
/* End PBXContainerItemProxy section */

/* Begin PBXCopyFilesBuildPhase section */
		9CAA6C1B2B7EC8E200B056E6 /* Embed Frameworks */ = {
			isa = PBXCopyFilesBuildPhase;
			buildActionMask = 2147483647;
			dstPath = "";
			dstSubfolderSpec = 10;
			files = (
				9CAA6C182B7EC8E200B056E6 /* Domain.framework in Embed Frameworks */,
			);
			name = "Embed Frameworks";
			runOnlyForDeploymentPostprocessing = 0;
		};
		9CFA8A362B7EABFF007C78DA /* Embed Frameworks */ = {
			isa = PBXCopyFilesBuildPhase;
			buildActionMask = 2147483647;
			dstPath = "";
			dstSubfolderSpec = 10;
			files = (
				9CFA8A522B7EAC0D007C78DA /* Data.framework in Embed Frameworks */,
				9CFA8A322B7EABFF007C78DA /* Domain.framework in Embed Frameworks */,
				9C11923F2B7EC3B4001B6CD4 /* Presentation.framework in Embed Frameworks */,
			);
			name = "Embed Frameworks";
			runOnlyForDeploymentPostprocessing = 0;
		};
		9CFA8A5E2B7EAC14007C78DA /* Embed Frameworks */ = {
			isa = PBXCopyFilesBuildPhase;
			buildActionMask = 2147483647;
			dstPath = "";
			dstSubfolderSpec = 10;
			files = (
				9CFA8A5B2B7EAC14007C78DA /* Domain.framework in Embed Frameworks */,
			);
			name = "Embed Frameworks";
			runOnlyForDeploymentPostprocessing = 0;
		};
/* End PBXCopyFilesBuildPhase section */

/* Begin PBXFileReference section */
		9C11920F2B7EB7BF001B6CD4 /* GetArtworksUseCase.swift */ = {isa = PBXFileReference; lastKnownFileType = sourcecode.swift; path = GetArtworksUseCase.swift; sourceTree = "<group>"; };
		9C1192142B7EBE50001B6CD4 /* ArtworksRepository.swift */ = {isa = PBXFileReference; lastKnownFileType = sourcecode.swift; path = ArtworksRepository.swift; sourceTree = "<group>"; };
		9C1192162B7EBEB1001B6CD4 /* ArtworksRepositoryImpl.swift */ = {isa = PBXFileReference; lastKnownFileType = sourcecode.swift; path = ArtworksRepositoryImpl.swift; sourceTree = "<group>"; };
		9C11921A2B7EBFFB001B6CD4 /* NetworkError.swift */ = {isa = PBXFileReference; lastKnownFileType = sourcecode.swift; path = NetworkError.swift; sourceTree = "<group>"; };
		9C11921D2B7EC16A001B6CD4 /* GetArtworksUseCaseImpl.swift */ = {isa = PBXFileReference; lastKnownFileType = sourcecode.swift; path = GetArtworksUseCaseImpl.swift; sourceTree = "<group>"; };
		9C1192212B7EC2D8001B6CD4 /* Constants.swift */ = {isa = PBXFileReference; lastKnownFileType = sourcecode.swift; path = Constants.swift; sourceTree = "<group>"; };
		9C1192292B7EC3B4001B6CD4 /* Presentation.framework */ = {isa = PBXFileReference; explicitFileType = wrapper.framework; includeInIndex = 0; path = Presentation.framework; sourceTree = BUILT_PRODUCTS_DIR; };
		9C11922B2B7EC3B4001B6CD4 /* Presentation.h */ = {isa = PBXFileReference; lastKnownFileType = sourcecode.c.h; path = Presentation.h; sourceTree = "<group>"; };
		9C11922C2B7EC3B4001B6CD4 /* Presentation.docc */ = {isa = PBXFileReference; lastKnownFileType = folder.documentationcatalog; path = Presentation.docc; sourceTree = "<group>"; };
		9C1192322B7EC3B4001B6CD4 /* PresentationTests.xctest */ = {isa = PBXFileReference; explicitFileType = wrapper.cfbundle; includeInIndex = 0; path = PresentationTests.xctest; sourceTree = BUILT_PRODUCTS_DIR; };
		9C1192392B7EC3B4001B6CD4 /* ArtworksListViewModelImplTests.swift */ = {isa = PBXFileReference; lastKnownFileType = sourcecode.swift; path = ArtworksListViewModelImplTests.swift; sourceTree = "<group>"; };
		9C1192492B7EC43E001B6CD4 /* ArtworksListViewModel.swift */ = {isa = PBXFileReference; lastKnownFileType = sourcecode.swift; path = ArtworksListViewModel.swift; sourceTree = "<group>"; };
		9C11924B2B7EC485001B6CD4 /* ArtworksListViewModelImpl.swift */ = {isa = PBXFileReference; lastKnownFileType = sourcecode.swift; path = ArtworksListViewModelImpl.swift; sourceTree = "<group>"; };
		9C11924F2B7EC503001B6CD4 /* PresentationError.swift */ = {isa = PBXFileReference; lastKnownFileType = sourcecode.swift; path = PresentationError.swift; sourceTree = "<group>"; };
		9CAA6C152B7EC5C900B056E6 /* ArtworksListView.swift */ = {isa = PBXFileReference; lastKnownFileType = sourcecode.swift; path = ArtworksListView.swift; sourceTree = "<group>"; };
		9CAA6C1F2B7FA56300B056E6 /* ArtworksDetailViewModel.swift */ = {isa = PBXFileReference; lastKnownFileType = sourcecode.swift; path = ArtworksDetailViewModel.swift; sourceTree = "<group>"; };
		9CAA6C212B7FA5BA00B056E6 /* ArtworkDetailViewModelImpl.swift */ = {isa = PBXFileReference; lastKnownFileType = sourcecode.swift; path = ArtworkDetailViewModelImpl.swift; sourceTree = "<group>"; };
		9CAA6C232B7FA6F700B056E6 /* GetArtworksArtistUseCase.swift */ = {isa = PBXFileReference; lastKnownFileType = sourcecode.swift; path = GetArtworksArtistUseCase.swift; sourceTree = "<group>"; };
		9CAA6C252B7FA73400B056E6 /* ArtworksArtistModelData.swift */ = {isa = PBXFileReference; lastKnownFileType = sourcecode.swift; path = ArtworksArtistModelData.swift; sourceTree = "<group>"; };
		9CAA6C272B7FA7BB00B056E6 /* GetArtworksArtistUseCaseImpl.swift */ = {isa = PBXFileReference; lastKnownFileType = sourcecode.swift; path = GetArtworksArtistUseCaseImpl.swift; sourceTree = "<group>"; };
		9CAA6C292B7FA81200B056E6 /* ArtworksArtistRepository.swift */ = {isa = PBXFileReference; lastKnownFileType = sourcecode.swift; path = ArtworksArtistRepository.swift; sourceTree = "<group>"; };
		9CAA6C2B2B7FA95100B056E6 /* ArtworksDetailView.swift */ = {isa = PBXFileReference; lastKnownFileType = sourcecode.swift; path = ArtworksDetailView.swift; sourceTree = "<group>"; };
		9CAA6C2E2B7FAC8000B056E6 /* Factories.swift */ = {isa = PBXFileReference; lastKnownFileType = sourcecode.swift; path = Factories.swift; sourceTree = "<group>"; };
		9CAA6C302B7FAE3F00B056E6 /* ArtworksArtistRepositoryImpl.swift */ = {isa = PBXFileReference; lastKnownFileType = sourcecode.swift; path = ArtworksArtistRepositoryImpl.swift; sourceTree = "<group>"; };
		9CAA6C362B80035900B056E6 /* Strings.swift */ = {isa = PBXFileReference; lastKnownFileType = sourcecode.swift; path = Strings.swift; sourceTree = "<group>"; };
		9CAA6C752B8295A900B056E6 /* Extensions.swift */ = {isa = PBXFileReference; lastKnownFileType = sourcecode.swift; path = Extensions.swift; sourceTree = "<group>"; };
		9CAA6C7D2B82C88A00B056E6 /* Data.xctestplan */ = {isa = PBXFileReference; lastKnownFileType = text; path = Data.xctestplan; sourceTree = "<group>"; };
		9CAA6C862B82CD1100B056E6 /* DataTests.xctest */ = {isa = PBXFileReference; explicitFileType = wrapper.cfbundle; includeInIndex = 0; path = DataTests.xctest; sourceTree = BUILT_PRODUCTS_DIR; };
		9CAA6C882B82CD1100B056E6 /* GetArtworksUseCaseImplTests.swift */ = {isa = PBXFileReference; lastKnownFileType = sourcecode.swift; path = GetArtworksUseCaseImplTests.swift; sourceTree = "<group>"; };
		9CAA6C922B82CDFB00B056E6 /* Stubs.swift */ = {isa = PBXFileReference; lastKnownFileType = sourcecode.swift; path = Stubs.swift; sourceTree = "<group>"; };
		9CAA6C952B8386BD00B056E6 /* GetArtworksArtistUseCaseImplTests.swift */ = {isa = PBXFileReference; lastKnownFileType = sourcecode.swift; path = GetArtworksArtistUseCaseImplTests.swift; sourceTree = "<group>"; };
		9CAA6C972B83874800B056E6 /* ArtworksArtistRepositoryMock.swift */ = {isa = PBXFileReference; lastKnownFileType = sourcecode.swift; path = ArtworksArtistRepositoryMock.swift; sourceTree = "<group>"; };
		9CAA6C9A2B83877D00B056E6 /* ResponseMock.swift */ = {isa = PBXFileReference; lastKnownFileType = sourcecode.swift; path = ResponseMock.swift; sourceTree = "<group>"; };
		9CAA6C9D2B838B7300B056E6 /* UrlProtocolMock.swift */ = {isa = PBXFileReference; lastKnownFileType = sourcecode.swift; path = UrlProtocolMock.swift; sourceTree = "<group>"; };
		9CAA6C9F2B838BB300B056E6 /* ArtworksRepositoryImplTests.swift */ = {isa = PBXFileReference; lastKnownFileType = sourcecode.swift; path = ArtworksRepositoryImplTests.swift; sourceTree = "<group>"; };
		9CAA6CA12B838E7300B056E6 /* ArtworksArtistRepositoryImplTests.swift */ = {isa = PBXFileReference; lastKnownFileType = sourcecode.swift; path = ArtworksArtistRepositoryImplTests.swift; sourceTree = "<group>"; };
		9CAA6CA52B83926800B056E6 /* ArtworksListViewModelSpy.swift */ = {isa = PBXFileReference; lastKnownFileType = sourcecode.swift; path = ArtworksListViewModelSpy.swift; sourceTree = "<group>"; };
		9CAA6CA72B83999000B056E6 /* GetArtworksUseCaseMock.swift */ = {isa = PBXFileReference; lastKnownFileType = sourcecode.swift; path = GetArtworksUseCaseMock.swift; sourceTree = "<group>"; };
		9CAA6CAC2B83D26900B056E6 /* Presentation.xctestplan */ = {isa = PBXFileReference; lastKnownFileType = text; path = Presentation.xctestplan; sourceTree = "<group>"; };
		9CAA6CAD2B83D6B600B056E6 /* ArtworksListViewTests.swift */ = {isa = PBXFileReference; lastKnownFileType = sourcecode.swift; path = ArtworksListViewTests.swift; sourceTree = "<group>"; };
		9CAA6CAF2B83DA8C00B056E6 /* CI.xctestplan */ = {isa = PBXFileReference; lastKnownFileType = text; path = CI.xctestplan; sourceTree = "<group>"; };
		9CAA6CB02B83DC4800B056E6 /* ArtworksArtistViewModelSpy.swift */ = {isa = PBXFileReference; lastKnownFileType = sourcecode.swift; path = ArtworksArtistViewModelSpy.swift; sourceTree = "<group>"; };
		9CAA6CB22B83DDBC00B056E6 /* GetArtworksArtistUseCaseMock.swift */ = {isa = PBXFileReference; lastKnownFileType = sourcecode.swift; path = GetArtworksArtistUseCaseMock.swift; sourceTree = "<group>"; };
		9CAA6CB42B83E1FD00B056E6 /* ArtworksDetailViewModelImplTests.swift */ = {isa = PBXFileReference; lastKnownFileType = sourcecode.swift; path = ArtworksDetailViewModelImplTests.swift; sourceTree = "<group>"; };
		9CAA6CB72B83E98900B056E6 /* ArtworksDetailViewTests.swift */ = {isa = PBXFileReference; lastKnownFileType = sourcecode.swift; path = ArtworksDetailViewTests.swift; sourceTree = "<group>"; };
		9CAA6CD52B85222600B056E6 /* NetworkMonitor.swift */ = {isa = PBXFileReference; lastKnownFileType = sourcecode.swift; path = NetworkMonitor.swift; sourceTree = "<group>"; };
		9CB9A2572B863B4C0033EC54 /* ArtworksRepositoryMock.swift */ = {isa = PBXFileReference; fileEncoding = 4; lastKnownFileType = sourcecode.swift; path = ArtworksRepositoryMock.swift; sourceTree = "<group>"; };
		9CFA8A132B7EABE6007C78DA /* ArtworksApp.app */ = {isa = PBXFileReference; explicitFileType = wrapper.application; includeInIndex = 0; path = ArtworksApp.app; sourceTree = BUILT_PRODUCTS_DIR; };
		9CFA8A162B7EABE6007C78DA /* ArtworksAppApp.swift */ = {isa = PBXFileReference; lastKnownFileType = sourcecode.swift; path = ArtworksAppApp.swift; sourceTree = "<group>"; };
		9CFA8A1A2B7EABE8007C78DA /* Assets.xcassets */ = {isa = PBXFileReference; lastKnownFileType = folder.assetcatalog; path = Assets.xcassets; sourceTree = "<group>"; };
		9CFA8A1D2B7EABE8007C78DA /* Preview Assets.xcassets */ = {isa = PBXFileReference; lastKnownFileType = folder.assetcatalog; path = "Preview Assets.xcassets"; sourceTree = "<group>"; };
		9CFA8A292B7EABFF007C78DA /* Domain.framework */ = {isa = PBXFileReference; explicitFileType = wrapper.framework; includeInIndex = 0; path = Domain.framework; sourceTree = BUILT_PRODUCTS_DIR; };
		9CFA8A2B2B7EABFF007C78DA /* Domain.h */ = {isa = PBXFileReference; lastKnownFileType = sourcecode.c.h; path = Domain.h; sourceTree = "<group>"; };
		9CFA8A2C2B7EABFF007C78DA /* Domain.docc */ = {isa = PBXFileReference; lastKnownFileType = folder.documentationcatalog; path = Domain.docc; sourceTree = "<group>"; };
		9CFA8A3C2B7EAC0C007C78DA /* Data.framework */ = {isa = PBXFileReference; explicitFileType = wrapper.framework; includeInIndex = 0; path = Data.framework; sourceTree = BUILT_PRODUCTS_DIR; };
		9CFA8A3E2B7EAC0C007C78DA /* Data.h */ = {isa = PBXFileReference; lastKnownFileType = sourcecode.c.h; path = Data.h; sourceTree = "<group>"; };
		9CFA8A3F2B7EAC0C007C78DA /* Data.docc */ = {isa = PBXFileReference; lastKnownFileType = folder.documentationcatalog; path = Data.docc; sourceTree = "<group>"; };
		9CFA8A672B7EAD03007C78DA /* ArtworksModelData.swift */ = {isa = PBXFileReference; lastKnownFileType = sourcecode.swift; path = ArtworksModelData.swift; sourceTree = "<group>"; };
/* End PBXFileReference section */

/* Begin PBXFrameworksBuildPhase section */
		9C1192262B7EC3B3001B6CD4 /* Frameworks */ = {
			isa = PBXFrameworksBuildPhase;
			buildActionMask = 2147483647;
			files = (
				9CAA6C172B7EC8E200B056E6 /* Domain.framework in Frameworks */,
			);
			runOnlyForDeploymentPostprocessing = 0;
		};
		9C11922F2B7EC3B4001B6CD4 /* Frameworks */ = {
			isa = PBXFrameworksBuildPhase;
			buildActionMask = 2147483647;
			files = (
				9C1192332B7EC3B4001B6CD4 /* Presentation.framework in Frameworks */,
			);
			runOnlyForDeploymentPostprocessing = 0;
		};
		9CAA6C832B82CD1100B056E6 /* Frameworks */ = {
			isa = PBXFrameworksBuildPhase;
			buildActionMask = 2147483647;
			files = (
			);
			runOnlyForDeploymentPostprocessing = 0;
		};
		9CFA8A102B7EABE6007C78DA /* Frameworks */ = {
			isa = PBXFrameworksBuildPhase;
			buildActionMask = 2147483647;
			files = (
				9CFA8A512B7EAC0D007C78DA /* Data.framework in Frameworks */,
				9CFA8A312B7EABFF007C78DA /* Domain.framework in Frameworks */,
				9C11923E2B7EC3B4001B6CD4 /* Presentation.framework in Frameworks */,
			);
			runOnlyForDeploymentPostprocessing = 0;
		};
		9CFA8A262B7EABFF007C78DA /* Frameworks */ = {
			isa = PBXFrameworksBuildPhase;
			buildActionMask = 2147483647;
			files = (
			);
			runOnlyForDeploymentPostprocessing = 0;
		};
		9CFA8A392B7EAC0C007C78DA /* Frameworks */ = {
			isa = PBXFrameworksBuildPhase;
			buildActionMask = 2147483647;
			files = (
				9CFA8A5A2B7EAC14007C78DA /* Domain.framework in Frameworks */,
			);
			runOnlyForDeploymentPostprocessing = 0;
		};
/* End PBXFrameworksBuildPhase section */

/* Begin PBXGroup section */
		9C11920E2B7EB779001B6CD4 /* UseCases */ = {
			isa = PBXGroup;
			children = (
				9C11920F2B7EB7BF001B6CD4 /* GetArtworksUseCase.swift */,
				9CAA6C232B7FA6F700B056E6 /* GetArtworksArtistUseCase.swift */,
			);
			path = UseCases;
			sourceTree = "<group>";
		};
		9C1192112B7EBD71001B6CD4 /* Repositories */ = {
			isa = PBXGroup;
			children = (
				9C1192162B7EBEB1001B6CD4 /* ArtworksRepositoryImpl.swift */,
				9CAA6C302B7FAE3F00B056E6 /* ArtworksArtistRepositoryImpl.swift */,
			);
			path = Repositories;
			sourceTree = "<group>";
		};
		9C1192122B7EBE1A001B6CD4 /* Interfaces */ = {
			isa = PBXGroup;
			children = (
				9C1192132B7EBE37001B6CD4 /* Repositories */,
				9C11920E2B7EB779001B6CD4 /* UseCases */,
			);
			path = Interfaces;
			sourceTree = "<group>";
		};
		9C1192132B7EBE37001B6CD4 /* Repositories */ = {
			isa = PBXGroup;
			children = (
				9C1192142B7EBE50001B6CD4 /* ArtworksRepository.swift */,
				9CAA6C292B7FA81200B056E6 /* ArtworksArtistRepository.swift */,
			);
			path = Repositories;
			sourceTree = "<group>";
		};
		9C11921C2B7EC15C001B6CD4 /* UseCases */ = {
			isa = PBXGroup;
			children = (
				9C11921D2B7EC16A001B6CD4 /* GetArtworksUseCaseImpl.swift */,
				9CAA6C272B7FA7BB00B056E6 /* GetArtworksArtistUseCaseImpl.swift */,
			);
			path = UseCases;
			sourceTree = "<group>";
		};
		9C11921F2B7EC243001B6CD4 /* Common */ = {
			isa = PBXGroup;
			children = (
				9C1192202B7EC249001B6CD4 /* Helpers */,
			);
			path = Common;
			sourceTree = "<group>";
		};
		9C1192202B7EC249001B6CD4 /* Helpers */ = {
			isa = PBXGroup;
			children = (
				9C11921A2B7EBFFB001B6CD4 /* NetworkError.swift */,
				9C1192212B7EC2D8001B6CD4 /* Constants.swift */,
			);
			path = Helpers;
			sourceTree = "<group>";
		};
		9C11922A2B7EC3B4001B6CD4 /* Presentation */ = {
			isa = PBXGroup;
			children = (
				9C11924D2B7EC4F2001B6CD4 /* Common */,
				9C1192462B7EC402001B6CD4 /* ArtworkListScene */,
				9CAA6C1C2B7FA46200B056E6 /* ArtworksDetailScene */,
				9C11922B2B7EC3B4001B6CD4 /* Presentation.h */,
				9C11922C2B7EC3B4001B6CD4 /* Presentation.docc */,
			);
			path = Presentation;
			sourceTree = "<group>";
		};
		9C1192382B7EC3B4001B6CD4 /* PresentationTests */ = {
			isa = PBXGroup;
			children = (
				9CAA6CA42B83924900B056E6 /* Mocks */,
				9CAA6CA32B83922800B056E6 /* ArtworkListScene */,
			);
			path = PresentationTests;
			sourceTree = "<group>";
		};
		9C1192462B7EC402001B6CD4 /* ArtworkListScene */ = {
			isa = PBXGroup;
			children = (
				9C1192472B7EC40E001B6CD4 /* ViewModel */,
				9CAA6C152B7EC5C900B056E6 /* ArtworksListView.swift */,
			);
			path = ArtworkListScene;
			sourceTree = "<group>";
		};
		9C1192472B7EC40E001B6CD4 /* ViewModel */ = {
			isa = PBXGroup;
			children = (
				9C1192482B7EC419001B6CD4 /* Interfaces */,
				9C11924B2B7EC485001B6CD4 /* ArtworksListViewModelImpl.swift */,
			);
			path = ViewModel;
			sourceTree = "<group>";
		};
		9C1192482B7EC419001B6CD4 /* Interfaces */ = {
			isa = PBXGroup;
			children = (
				9C1192492B7EC43E001B6CD4 /* ArtworksListViewModel.swift */,
			);
			path = Interfaces;
			sourceTree = "<group>";
		};
		9C11924D2B7EC4F2001B6CD4 /* Common */ = {
			isa = PBXGroup;
			children = (
				9C11924E2B7EC4F7001B6CD4 /* Helpers */,
			);
			path = Common;
			sourceTree = "<group>";
		};
		9C11924E2B7EC4F7001B6CD4 /* Helpers */ = {
			isa = PBXGroup;
			children = (
				9C11924F2B7EC503001B6CD4 /* PresentationError.swift */,
				9CAA6C2E2B7FAC8000B056E6 /* Factories.swift */,
				9CAA6C362B80035900B056E6 /* Strings.swift */,
				9CAA6C752B8295A900B056E6 /* Extensions.swift */,
			);
			path = Helpers;
			sourceTree = "<group>";
		};
		9CAA6C1C2B7FA46200B056E6 /* ArtworksDetailScene */ = {
			isa = PBXGroup;
			children = (
				9CAA6C1D2B7FA49B00B056E6 /* ViewModel */,
				9CAA6C2B2B7FA95100B056E6 /* ArtworksDetailView.swift */,
			);
			path = ArtworksDetailScene;
			sourceTree = "<group>";
		};
		9CAA6C1D2B7FA49B00B056E6 /* ViewModel */ = {
			isa = PBXGroup;
			children = (
				9CAA6C1E2B7FA4A400B056E6 /* Interfaces */,
				9CAA6C212B7FA5BA00B056E6 /* ArtworkDetailViewModelImpl.swift */,
			);
			path = ViewModel;
			sourceTree = "<group>";
		};
		9CAA6C1E2B7FA4A400B056E6 /* Interfaces */ = {
			isa = PBXGroup;
			children = (
				9CAA6C1F2B7FA56300B056E6 /* ArtworksDetailViewModel.swift */,
			);
			path = Interfaces;
			sourceTree = "<group>";
		};
		9CAA6C872B82CD1100B056E6 /* DataTests */ = {
			isa = PBXGroup;
			children = (
				9CAA6C8F2B82CD5400B056E6 /* Mocks */,
				9CAA6C9C2B838B3A00B056E6 /* Repositories */,
				9CAA6C942B8386AD00B056E6 /* UseCases */,
			);
			path = DataTests;
			sourceTree = "<group>";
		};
		9CAA6C8F2B82CD5400B056E6 /* Mocks */ = {
			isa = PBXGroup;
			children = (
				9CAA6C9A2B83877D00B056E6 /* ResponseMock.swift */,
				9CB9A2572B863B4C0033EC54 /* ArtworksRepositoryMock.swift */,
				9CAA6C972B83874800B056E6 /* ArtworksArtistRepositoryMock.swift */,
				9CAA6C9D2B838B7300B056E6 /* UrlProtocolMock.swift */,
				9CAA6C922B82CDFB00B056E6 /* Stubs.swift */,
			);
			path = Mocks;
			sourceTree = "<group>";
		};
		9CAA6C942B8386AD00B056E6 /* UseCases */ = {
			isa = PBXGroup;
			children = (
				9CAA6C882B82CD1100B056E6 /* GetArtworksUseCaseImplTests.swift */,
				9CAA6C952B8386BD00B056E6 /* GetArtworksArtistUseCaseImplTests.swift */,
			);
			path = UseCases;
			sourceTree = "<group>";
		};
		9CAA6C9C2B838B3A00B056E6 /* Repositories */ = {
			isa = PBXGroup;
			children = (
				9CAA6C9F2B838BB300B056E6 /* ArtworksRepositoryImplTests.swift */,
				9CAA6CA12B838E7300B056E6 /* ArtworksArtistRepositoryImplTests.swift */,
			);
			path = Repositories;
			sourceTree = "<group>";
		};
		9CAA6CA32B83922800B056E6 /* ArtworkListScene */ = {
			isa = PBXGroup;
			children = (
				9C1192392B7EC3B4001B6CD4 /* ArtworksListViewModelImplTests.swift */,
				9CAA6CAD2B83D6B600B056E6 /* ArtworksListViewTests.swift */,
				9CAA6CB42B83E1FD00B056E6 /* ArtworksDetailViewModelImplTests.swift */,
				9CAA6CB72B83E98900B056E6 /* ArtworksDetailViewTests.swift */,
			);
			path = ArtworkListScene;
			sourceTree = "<group>";
		};
		9CAA6CA42B83924900B056E6 /* Mocks */ = {
			isa = PBXGroup;
			children = (
				9CAA6CA52B83926800B056E6 /* ArtworksListViewModelSpy.swift */,
				9CAA6CB02B83DC4800B056E6 /* ArtworksArtistViewModelSpy.swift */,
				9CAA6CA72B83999000B056E6 /* GetArtworksUseCaseMock.swift */,
				9CAA6CB22B83DDBC00B056E6 /* GetArtworksArtistUseCaseMock.swift */,
			);
			path = Mocks;
			sourceTree = "<group>";
		};
		9CFA8A0A2B7EABE6007C78DA = {
			isa = PBXGroup;
			children = (
				9CAA6CAF2B83DA8C00B056E6 /* CI.xctestplan */,
				9CAA6CAC2B83D26900B056E6 /* Presentation.xctestplan */,
				9CAA6C7D2B82C88A00B056E6 /* Data.xctestplan */,
				9CFA8A152B7EABE6007C78DA /* ArtworksApp */,
				9CFA8A2A2B7EABFF007C78DA /* Domain */,
				9CFA8A3D2B7EAC0C007C78DA /* Data */,
				9C11922A2B7EC3B4001B6CD4 /* Presentation */,
				9CAA6C872B82CD1100B056E6 /* DataTests */,
				9C1192382B7EC3B4001B6CD4 /* PresentationTests */,
				9CFA8A142B7EABE6007C78DA /* Products */,
				9CFA8A592B7EAC14007C78DA /* Frameworks */,
			);
			sourceTree = "<group>";
		};
		9CFA8A142B7EABE6007C78DA /* Products */ = {
			isa = PBXGroup;
			children = (
				9CFA8A132B7EABE6007C78DA /* ArtworksApp.app */,
				9CFA8A292B7EABFF007C78DA /* Domain.framework */,
				9CFA8A3C2B7EAC0C007C78DA /* Data.framework */,
				9C1192292B7EC3B4001B6CD4 /* Presentation.framework */,
				9C1192322B7EC3B4001B6CD4 /* PresentationTests.xctest */,
				9CAA6C862B82CD1100B056E6 /* DataTests.xctest */,
			);
			name = Products;
			sourceTree = "<group>";
		};
		9CFA8A152B7EABE6007C78DA /* ArtworksApp */ = {
			isa = PBXGroup;
			children = (
				9CFA8A162B7EABE6007C78DA /* ArtworksAppApp.swift */,
				9CFA8A1A2B7EABE8007C78DA /* Assets.xcassets */,
				9CFA8A1C2B7EABE8007C78DA /* Preview Content */,
			);
			path = ArtworksApp;
			sourceTree = "<group>";
		};
		9CFA8A1C2B7EABE8007C78DA /* Preview Content */ = {
			isa = PBXGroup;
			children = (
				9CFA8A1D2B7EABE8007C78DA /* Preview Assets.xcassets */,
			);
			path = "Preview Content";
			sourceTree = "<group>";
		};
		9CFA8A2A2B7EABFF007C78DA /* Domain */ = {
			isa = PBXGroup;
			children = (
				9C11921F2B7EC243001B6CD4 /* Common */,
				9CFA8A662B7EACFC007C78DA /* Entities */,
				9C1192122B7EBE1A001B6CD4 /* Interfaces */,
				9CFA8A2B2B7EABFF007C78DA /* Domain.h */,
				9CFA8A2C2B7EABFF007C78DA /* Domain.docc */,
			);
			path = Domain;
			sourceTree = "<group>";
		};
		9CFA8A3D2B7EAC0C007C78DA /* Data */ = {
			isa = PBXGroup;
			children = (
				9CFA8A5F2B7EAC42007C78DA /* Network */,
				9C1192112B7EBD71001B6CD4 /* Repositories */,
				9C11921C2B7EC15C001B6CD4 /* UseCases */,
				9CFA8A3E2B7EAC0C007C78DA /* Data.h */,
				9CFA8A3F2B7EAC0C007C78DA /* Data.docc */,
			);
			path = Data;
			sourceTree = "<group>";
		};
		9CFA8A592B7EAC14007C78DA /* Frameworks */ = {
			isa = PBXGroup;
			children = (
			);
			name = Frameworks;
			sourceTree = "<group>";
		};
		9CFA8A5F2B7EAC42007C78DA /* Network */ = {
			isa = PBXGroup;
			children = (
				9CAA6CD52B85222600B056E6 /* NetworkMonitor.swift */,
			);
			path = Network;
			sourceTree = "<group>";
		};
		9CFA8A662B7EACFC007C78DA /* Entities */ = {
			isa = PBXGroup;
			children = (
				9CFA8A672B7EAD03007C78DA /* ArtworksModelData.swift */,
				9CAA6C252B7FA73400B056E6 /* ArtworksArtistModelData.swift */,
			);
			path = Entities;
			sourceTree = "<group>";
		};
/* End PBXGroup section */

/* Begin PBXHeadersBuildPhase section */
		9C1192242B7EC3B3001B6CD4 /* Headers */ = {
			isa = PBXHeadersBuildPhase;
			buildActionMask = 2147483647;
			files = (
				9C11923B2B7EC3B4001B6CD4 /* Presentation.h in Headers */,
			);
			runOnlyForDeploymentPostprocessing = 0;
		};
		9CFA8A242B7EABFF007C78DA /* Headers */ = {
			isa = PBXHeadersBuildPhase;
			buildActionMask = 2147483647;
			files = (
				9CFA8A2E2B7EABFF007C78DA /* Domain.h in Headers */,
			);
			runOnlyForDeploymentPostprocessing = 0;
		};
		9CFA8A372B7EAC0C007C78DA /* Headers */ = {
			isa = PBXHeadersBuildPhase;
			buildActionMask = 2147483647;
			files = (
				9CFA8A4E2B7EAC0D007C78DA /* Data.h in Headers */,
			);
			runOnlyForDeploymentPostprocessing = 0;
		};
/* End PBXHeadersBuildPhase section */

/* Begin PBXNativeTarget section */
		9C1192282B7EC3B3001B6CD4 /* Presentation */ = {
			isa = PBXNativeTarget;
			buildConfigurationList = 9C1192402B7EC3B4001B6CD4 /* Build configuration list for PBXNativeTarget "Presentation" */;
			buildPhases = (
				9C1192242B7EC3B3001B6CD4 /* Headers */,
				9C1192252B7EC3B3001B6CD4 /* Sources */,
				9C1192262B7EC3B3001B6CD4 /* Frameworks */,
				9C1192272B7EC3B3001B6CD4 /* Resources */,
				9CAA6C1B2B7EC8E200B056E6 /* Embed Frameworks */,
			);
			buildRules = (
			);
			dependencies = (
				9CAA6C1A2B7EC8E200B056E6 /* PBXTargetDependency */,
			);
			name = Presentation;
			packageProductDependencies = (
			);
			productName = Presentation;
			productReference = 9C1192292B7EC3B4001B6CD4 /* Presentation.framework */;
			productType = "com.apple.product-type.framework";
		};
		9C1192312B7EC3B4001B6CD4 /* PresentationTests */ = {
			isa = PBXNativeTarget;
			buildConfigurationList = 9C1192432B7EC3B4001B6CD4 /* Build configuration list for PBXNativeTarget "PresentationTests" */;
			buildPhases = (
				9C11922E2B7EC3B4001B6CD4 /* Sources */,
				9C11922F2B7EC3B4001B6CD4 /* Frameworks */,
				9C1192302B7EC3B4001B6CD4 /* Resources */,
			);
			buildRules = (
			);
			dependencies = (
				9C1192352B7EC3B4001B6CD4 /* PBXTargetDependency */,
				9C1192372B7EC3B4001B6CD4 /* PBXTargetDependency */,
			);
			name = PresentationTests;
			productName = PresentationTests;
			productReference = 9C1192322B7EC3B4001B6CD4 /* PresentationTests.xctest */;
			productType = "com.apple.product-type.bundle.unit-test";
		};
		9CAA6C852B82CD1100B056E6 /* DataTests */ = {
			isa = PBXNativeTarget;
			buildConfigurationList = 9CAA6C8C2B82CD1100B056E6 /* Build configuration list for PBXNativeTarget "DataTests" */;
			buildPhases = (
				9CAA6C822B82CD1100B056E6 /* Sources */,
				9CAA6C832B82CD1100B056E6 /* Frameworks */,
				9CAA6C842B82CD1100B056E6 /* Resources */,
			);
			buildRules = (
			);
			dependencies = (
				9CAA6C8B2B82CD1100B056E6 /* PBXTargetDependency */,
			);
			name = DataTests;
			productName = DataTests;
			productReference = 9CAA6C862B82CD1100B056E6 /* DataTests.xctest */;
			productType = "com.apple.product-type.bundle.unit-test";
		};
		9CFA8A122B7EABE6007C78DA /* ArtworksApp */ = {
			isa = PBXNativeTarget;
			buildConfigurationList = 9CFA8A212B7EABE8007C78DA /* Build configuration list for PBXNativeTarget "ArtworksApp" */;
			buildPhases = (
				9CFA8A0F2B7EABE6007C78DA /* Sources */,
				9CFA8A102B7EABE6007C78DA /* Frameworks */,
				9CFA8A112B7EABE6007C78DA /* Resources */,
				9CFA8A362B7EABFF007C78DA /* Embed Frameworks */,
			);
			buildRules = (
			);
			dependencies = (
				9CFA8A302B7EABFF007C78DA /* PBXTargetDependency */,
				9CFA8A502B7EAC0D007C78DA /* PBXTargetDependency */,
				9C11923D2B7EC3B4001B6CD4 /* PBXTargetDependency */,
			);
			name = ArtworksApp;
			productName = ArtworksApp;
			productReference = 9CFA8A132B7EABE6007C78DA /* ArtworksApp.app */;
			productType = "com.apple.product-type.application";
		};
		9CFA8A282B7EABFF007C78DA /* Domain */ = {
			isa = PBXNativeTarget;
			buildConfigurationList = 9CFA8A332B7EABFF007C78DA /* Build configuration list for PBXNativeTarget "Domain" */;
			buildPhases = (
				9CFA8A242B7EABFF007C78DA /* Headers */,
				9CFA8A252B7EABFF007C78DA /* Sources */,
				9CFA8A262B7EABFF007C78DA /* Frameworks */,
				9CFA8A272B7EABFF007C78DA /* Resources */,
			);
			buildRules = (
			);
			dependencies = (
			);
			name = Domain;
			productName = Domain;
			productReference = 9CFA8A292B7EABFF007C78DA /* Domain.framework */;
			productType = "com.apple.product-type.framework";
		};
		9CFA8A3B2B7EAC0C007C78DA /* Data */ = {
			isa = PBXNativeTarget;
			buildConfigurationList = 9CFA8A532B7EAC0D007C78DA /* Build configuration list for PBXNativeTarget "Data" */;
			buildPhases = (
				9CFA8A372B7EAC0C007C78DA /* Headers */,
				9CFA8A382B7EAC0C007C78DA /* Sources */,
				9CFA8A392B7EAC0C007C78DA /* Frameworks */,
				9CFA8A3A2B7EAC0C007C78DA /* Resources */,
				9CFA8A5E2B7EAC14007C78DA /* Embed Frameworks */,
			);
			buildRules = (
			);
			dependencies = (
				9CFA8A5D2B7EAC14007C78DA /* PBXTargetDependency */,
			);
			name = Data;
			productName = Data;
			productReference = 9CFA8A3C2B7EAC0C007C78DA /* Data.framework */;
			productType = "com.apple.product-type.framework";
		};
/* End PBXNativeTarget section */

/* Begin PBXProject section */
		9CFA8A0B2B7EABE6007C78DA /* Project object */ = {
			isa = PBXProject;
			attributes = {
				BuildIndependentTargetsInParallel = 1;
				LastSwiftUpdateCheck = 1520;
				LastUpgradeCheck = 1520;
				TargetAttributes = {
					9C1192282B7EC3B3001B6CD4 = {
						CreatedOnToolsVersion = 15.2;
					};
					9C1192312B7EC3B4001B6CD4 = {
						CreatedOnToolsVersion = 15.2;
						TestTargetID = 9CFA8A122B7EABE6007C78DA;
					};
					9CAA6C852B82CD1100B056E6 = {
						CreatedOnToolsVersion = 15.2;
						TestTargetID = 9CFA8A122B7EABE6007C78DA;
					};
					9CFA8A122B7EABE6007C78DA = {
						CreatedOnToolsVersion = 15.2;
					};
					9CFA8A282B7EABFF007C78DA = {
						CreatedOnToolsVersion = 15.2;
					};
					9CFA8A3B2B7EAC0C007C78DA = {
						CreatedOnToolsVersion = 15.2;
					};
				};
			};
			buildConfigurationList = 9CFA8A0E2B7EABE6007C78DA /* Build configuration list for PBXProject "ArtworksApp" */;
			compatibilityVersion = "Xcode 14.0";
			developmentRegion = en;
			hasScannedForEncodings = 0;
			knownRegions = (
				en,
				Base,
			);
			mainGroup = 9CFA8A0A2B7EABE6007C78DA;
			packageReferences = (
			);
			productRefGroup = 9CFA8A142B7EABE6007C78DA /* Products */;
			projectDirPath = "";
			projectRoot = "";
			targets = (
				9CFA8A122B7EABE6007C78DA /* ArtworksApp */,
				9CFA8A282B7EABFF007C78DA /* Domain */,
				9CFA8A3B2B7EAC0C007C78DA /* Data */,
				9CAA6C852B82CD1100B056E6 /* DataTests */,
				9C1192282B7EC3B3001B6CD4 /* Presentation */,
				9C1192312B7EC3B4001B6CD4 /* PresentationTests */,
			);
		};
/* End PBXProject section */

/* Begin PBXResourcesBuildPhase section */
		9C1192272B7EC3B3001B6CD4 /* Resources */ = {
			isa = PBXResourcesBuildPhase;
			buildActionMask = 2147483647;
			files = (
			);
			runOnlyForDeploymentPostprocessing = 0;
		};
		9C1192302B7EC3B4001B6CD4 /* Resources */ = {
			isa = PBXResourcesBuildPhase;
			buildActionMask = 2147483647;
			files = (
			);
			runOnlyForDeploymentPostprocessing = 0;
		};
		9CAA6C842B82CD1100B056E6 /* Resources */ = {
			isa = PBXResourcesBuildPhase;
			buildActionMask = 2147483647;
			files = (
			);
			runOnlyForDeploymentPostprocessing = 0;
		};
		9CFA8A112B7EABE6007C78DA /* Resources */ = {
			isa = PBXResourcesBuildPhase;
			buildActionMask = 2147483647;
			files = (
				9CFA8A1E2B7EABE8007C78DA /* Preview Assets.xcassets in Resources */,
				9CFA8A1B2B7EABE8007C78DA /* Assets.xcassets in Resources */,
			);
			runOnlyForDeploymentPostprocessing = 0;
		};
		9CFA8A272B7EABFF007C78DA /* Resources */ = {
			isa = PBXResourcesBuildPhase;
			buildActionMask = 2147483647;
			files = (
			);
			runOnlyForDeploymentPostprocessing = 0;
		};
		9CFA8A3A2B7EAC0C007C78DA /* Resources */ = {
			isa = PBXResourcesBuildPhase;
			buildActionMask = 2147483647;
			files = (
			);
			runOnlyForDeploymentPostprocessing = 0;
		};
/* End PBXResourcesBuildPhase section */

/* Begin PBXSourcesBuildPhase section */
		9C1192252B7EC3B3001B6CD4 /* Sources */ = {
			isa = PBXSourcesBuildPhase;
			buildActionMask = 2147483647;
			files = (
				9CAA6C2F2B7FAC8000B056E6 /* Factories.swift in Sources */,
				9C1192502B7EC503001B6CD4 /* PresentationError.swift in Sources */,
				9CAA6C372B80035900B056E6 /* Strings.swift in Sources */,
				9CAA6C222B7FA5BA00B056E6 /* ArtworkDetailViewModelImpl.swift in Sources */,
				9CAA6C2C2B7FA95100B056E6 /* ArtworksDetailView.swift in Sources */,
				9C11922D2B7EC3B4001B6CD4 /* Presentation.docc in Sources */,
				9CAA6C162B7EC5C900B056E6 /* ArtworksListView.swift in Sources */,
				9C11924C2B7EC485001B6CD4 /* ArtworksListViewModelImpl.swift in Sources */,
				9CAA6C202B7FA56300B056E6 /* ArtworksDetailViewModel.swift in Sources */,
				9CAA6C762B8295A900B056E6 /* Extensions.swift in Sources */,
				9C11924A2B7EC43E001B6CD4 /* ArtworksListViewModel.swift in Sources */,
			);
			runOnlyForDeploymentPostprocessing = 0;
		};
		9C11922E2B7EC3B4001B6CD4 /* Sources */ = {
			isa = PBXSourcesBuildPhase;
			buildActionMask = 2147483647;
			files = (
				9CAA6CA62B83926800B056E6 /* ArtworksListViewModelSpy.swift in Sources */,
				9CAA6CB32B83DDBC00B056E6 /* GetArtworksArtistUseCaseMock.swift in Sources */,
				9CB9A2592B863B6D0033EC54 /* ArtworksRepositoryMock.swift in Sources */,
				9CAA6CB82B83E98900B056E6 /* ArtworksDetailViewTests.swift in Sources */,
				9CAA6CA82B83999000B056E6 /* GetArtworksUseCaseMock.swift in Sources */,
				9CAA6CA92B83CF2F00B056E6 /* ResponseMock.swift in Sources */,
				9C11923A2B7EC3B4001B6CD4 /* ArtworksListViewModelImplTests.swift in Sources */,
				9CAA6CB52B83E1FD00B056E6 /* ArtworksDetailViewModelImplTests.swift in Sources */,
				9CAA6CAA2B83CF3300B056E6 /* Stubs.swift in Sources */,
				9CAA6CB12B83DC4800B056E6 /* ArtworksArtistViewModelSpy.swift in Sources */,
				9CAA6CB62B83E2D600B056E6 /* ArtworksArtistRepositoryMock.swift in Sources */,
				9CAA6CAE2B83D6B600B056E6 /* ArtworksListViewTests.swift in Sources */,
			);
			runOnlyForDeploymentPostprocessing = 0;
		};
		9CAA6C822B82CD1100B056E6 /* Sources */ = {
			isa = PBXSourcesBuildPhase;
			buildActionMask = 2147483647;
			files = (
				9CAA6CA22B838E7300B056E6 /* ArtworksArtistRepositoryImplTests.swift in Sources */,
				9CAA6C9E2B838B7300B056E6 /* UrlProtocolMock.swift in Sources */,
				9CAA6C982B83874800B056E6 /* ArtworksArtistRepositoryMock.swift in Sources */,
				9CAA6CA02B838BB300B056E6 /* ArtworksRepositoryImplTests.swift in Sources */,
				9CAA6C962B8386BD00B056E6 /* GetArtworksArtistUseCaseImplTests.swift in Sources */,
				9CAA6C932B82CDFB00B056E6 /* Stubs.swift in Sources */,
				9CB9A2582B863B4C0033EC54 /* ArtworksRepositoryMock.swift in Sources */,
				9CAA6C9B2B83877D00B056E6 /* ResponseMock.swift in Sources */,
				9CAA6C892B82CD1100B056E6 /* GetArtworksUseCaseImplTests.swift in Sources */,
			);
			runOnlyForDeploymentPostprocessing = 0;
		};
		9CFA8A0F2B7EABE6007C78DA /* Sources */ = {
			isa = PBXSourcesBuildPhase;
			buildActionMask = 2147483647;
			files = (
				9CFA8A172B7EABE6007C78DA /* ArtworksAppApp.swift in Sources */,
			);
			runOnlyForDeploymentPostprocessing = 0;
		};
		9CFA8A252B7EABFF007C78DA /* Sources */ = {
			isa = PBXSourcesBuildPhase;
			buildActionMask = 2147483647;
			files = (
				9C1192152B7EBE50001B6CD4 /* ArtworksRepository.swift in Sources */,
				9C1192232B7EC309001B6CD4 /* NetworkError.swift in Sources */,
				9CAA6C282B7FA7BB00B056E6 /* GetArtworksArtistUseCaseImpl.swift in Sources */,
				9C1192102B7EB7BF001B6CD4 /* GetArtworksUseCase.swift in Sources */,
				9CAA6C2A2B7FA81200B056E6 /* ArtworksArtistRepository.swift in Sources */,
				9C11921E2B7EC16A001B6CD4 /* GetArtworksUseCaseImpl.swift in Sources */,
				9CFA8A682B7EAD03007C78DA /* ArtworksModelData.swift in Sources */,
				9CAA6C262B7FA73400B056E6 /* ArtworksArtistModelData.swift in Sources */,
				9CFA8A2D2B7EABFF007C78DA /* Domain.docc in Sources */,
				9CAA6C242B7FA6F700B056E6 /* GetArtworksArtistUseCase.swift in Sources */,
				9C1192222B7EC2D8001B6CD4 /* Constants.swift in Sources */,
			);
			runOnlyForDeploymentPostprocessing = 0;
		};
		9CFA8A382B7EAC0C007C78DA /* Sources */ = {
			isa = PBXSourcesBuildPhase;
			buildActionMask = 2147483647;
			files = (
				9CFA8A402B7EAC0C007C78DA /* Data.docc in Sources */,
				9CAA6CD62B85222600B056E6 /* NetworkMonitor.swift in Sources */,
				9CAA6C312B7FAE3F00B056E6 /* ArtworksArtistRepositoryImpl.swift in Sources */,
				9C1192172B7EBEB1001B6CD4 /* ArtworksRepositoryImpl.swift in Sources */,
			);
			runOnlyForDeploymentPostprocessing = 0;
		};
/* End PBXSourcesBuildPhase section */

/* Begin PBXTargetDependency section */
		9C1192352B7EC3B4001B6CD4 /* PBXTargetDependency */ = {
			isa = PBXTargetDependency;
			target = 9C1192282B7EC3B3001B6CD4 /* Presentation */;
			targetProxy = 9C1192342B7EC3B4001B6CD4 /* PBXContainerItemProxy */;
		};
		9C1192372B7EC3B4001B6CD4 /* PBXTargetDependency */ = {
			isa = PBXTargetDependency;
			target = 9CFA8A122B7EABE6007C78DA /* ArtworksApp */;
			targetProxy = 9C1192362B7EC3B4001B6CD4 /* PBXContainerItemProxy */;
		};
		9C11923D2B7EC3B4001B6CD4 /* PBXTargetDependency */ = {
			isa = PBXTargetDependency;
			target = 9C1192282B7EC3B3001B6CD4 /* Presentation */;
			targetProxy = 9C11923C2B7EC3B4001B6CD4 /* PBXContainerItemProxy */;
		};
		9CAA6C1A2B7EC8E200B056E6 /* PBXTargetDependency */ = {
			isa = PBXTargetDependency;
			target = 9CFA8A282B7EABFF007C78DA /* Domain */;
			targetProxy = 9CAA6C192B7EC8E200B056E6 /* PBXContainerItemProxy */;
		};
		9CAA6C8B2B82CD1100B056E6 /* PBXTargetDependency */ = {
			isa = PBXTargetDependency;
			target = 9CFA8A122B7EABE6007C78DA /* ArtworksApp */;
			targetProxy = 9CAA6C8A2B82CD1100B056E6 /* PBXContainerItemProxy */;
		};
		9CFA8A302B7EABFF007C78DA /* PBXTargetDependency */ = {
			isa = PBXTargetDependency;
			target = 9CFA8A282B7EABFF007C78DA /* Domain */;
			targetProxy = 9CFA8A2F2B7EABFF007C78DA /* PBXContainerItemProxy */;
		};
		9CFA8A502B7EAC0D007C78DA /* PBXTargetDependency */ = {
			isa = PBXTargetDependency;
			target = 9CFA8A3B2B7EAC0C007C78DA /* Data */;
			targetProxy = 9CFA8A4F2B7EAC0D007C78DA /* PBXContainerItemProxy */;
		};
		9CFA8A5D2B7EAC14007C78DA /* PBXTargetDependency */ = {
			isa = PBXTargetDependency;
			target = 9CFA8A282B7EABFF007C78DA /* Domain */;
			targetProxy = 9CFA8A5C2B7EAC14007C78DA /* PBXContainerItemProxy */;
		};
/* End PBXTargetDependency section */

/* Begin XCBuildConfiguration section */
		9C1192412B7EC3B4001B6CD4 /* Debug */ = {
			isa = XCBuildConfiguration;
			buildSettings = {
				CODE_SIGN_STYLE = Automatic;
				CURRENT_PROJECT_VERSION = 1;
				DEFINES_MODULE = YES;
				DEVELOPMENT_TEAM = 5A8822F6XB;
				DYLIB_COMPATIBILITY_VERSION = 1;
				DYLIB_CURRENT_VERSION = 1;
				DYLIB_INSTALL_NAME_BASE = "@rpath";
				ENABLE_MODULE_VERIFIER = YES;
				GENERATE_INFOPLIST_FILE = YES;
				INFOPLIST_KEY_NSHumanReadableCopyright = "";
				INSTALL_PATH = "$(LOCAL_LIBRARY_DIR)/Frameworks";
				LD_RUNPATH_SEARCH_PATHS = (
					"$(inherited)",
					"@executable_path/Frameworks",
					"@loader_path/Frameworks",
				);
				MARKETING_VERSION = 1.0;
				MODULE_VERIFIER_SUPPORTED_LANGUAGES = "objective-c objective-c++";
				MODULE_VERIFIER_SUPPORTED_LANGUAGE_STANDARDS = "gnu17 gnu++20";
				PRODUCT_BUNDLE_IDENTIFIER = com.vitor.pires.artworks.Presentation;
				PRODUCT_NAME = "$(TARGET_NAME:c99extidentifier)";
				SKIP_INSTALL = YES;
				SWIFT_EMIT_LOC_STRINGS = YES;
				SWIFT_VERSION = 5.0;
				TARGETED_DEVICE_FAMILY = "1,2";
				VERSIONING_SYSTEM = "apple-generic";
				VERSION_INFO_PREFIX = "";
			};
			name = Debug;
		};
		9C1192422B7EC3B4001B6CD4 /* Release */ = {
			isa = XCBuildConfiguration;
			buildSettings = {
				CODE_SIGN_STYLE = Automatic;
				CURRENT_PROJECT_VERSION = 1;
				DEFINES_MODULE = YES;
				DEVELOPMENT_TEAM = 5A8822F6XB;
				DYLIB_COMPATIBILITY_VERSION = 1;
				DYLIB_CURRENT_VERSION = 1;
				DYLIB_INSTALL_NAME_BASE = "@rpath";
				ENABLE_MODULE_VERIFIER = YES;
				GENERATE_INFOPLIST_FILE = YES;
				INFOPLIST_KEY_NSHumanReadableCopyright = "";
				INSTALL_PATH = "$(LOCAL_LIBRARY_DIR)/Frameworks";
				LD_RUNPATH_SEARCH_PATHS = (
					"$(inherited)",
					"@executable_path/Frameworks",
					"@loader_path/Frameworks",
				);
				MARKETING_VERSION = 1.0;
				MODULE_VERIFIER_SUPPORTED_LANGUAGES = "objective-c objective-c++";
				MODULE_VERIFIER_SUPPORTED_LANGUAGE_STANDARDS = "gnu17 gnu++20";
				PRODUCT_BUNDLE_IDENTIFIER = com.vitor.pires.artworks.Presentation;
				PRODUCT_NAME = "$(TARGET_NAME:c99extidentifier)";
				SKIP_INSTALL = YES;
				SWIFT_EMIT_LOC_STRINGS = YES;
				SWIFT_VERSION = 5.0;
				TARGETED_DEVICE_FAMILY = "1,2";
				VERSIONING_SYSTEM = "apple-generic";
				VERSION_INFO_PREFIX = "";
			};
			name = Release;
		};
		9C1192442B7EC3B4001B6CD4 /* Debug */ = {
			isa = XCBuildConfiguration;
			buildSettings = {
				ALWAYS_EMBED_SWIFT_STANDARD_LIBRARIES = YES;
				CODE_SIGN_STYLE = Automatic;
				CURRENT_PROJECT_VERSION = 1;
				DEVELOPMENT_TEAM = 5A8822F6XB;
				GENERATE_INFOPLIST_FILE = YES;
				MARKETING_VERSION = 1.0;
				PRODUCT_BUNDLE_IDENTIFIER = com.vitor.pires.artworks.PresentationTests;
				PRODUCT_NAME = "$(TARGET_NAME)";
				SWIFT_EMIT_LOC_STRINGS = NO;
				SWIFT_VERSION = 5.0;
				TARGETED_DEVICE_FAMILY = "1,2";
				TEST_HOST = "$(BUILT_PRODUCTS_DIR)/ArtworksApp.app/$(BUNDLE_EXECUTABLE_FOLDER_PATH)/ArtworksApp";
			};
			name = Debug;
		};
		9C1192452B7EC3B4001B6CD4 /* Release */ = {
			isa = XCBuildConfiguration;
			buildSettings = {
				ALWAYS_EMBED_SWIFT_STANDARD_LIBRARIES = YES;
				CODE_SIGN_STYLE = Automatic;
				CURRENT_PROJECT_VERSION = 1;
				DEVELOPMENT_TEAM = 5A8822F6XB;
				GENERATE_INFOPLIST_FILE = YES;
				MARKETING_VERSION = 1.0;
				PRODUCT_BUNDLE_IDENTIFIER = com.vitor.pires.artworks.PresentationTests;
				PRODUCT_NAME = "$(TARGET_NAME)";
				SWIFT_EMIT_LOC_STRINGS = NO;
				SWIFT_VERSION = 5.0;
				TARGETED_DEVICE_FAMILY = "1,2";
				TEST_HOST = "$(BUILT_PRODUCTS_DIR)/ArtworksApp.app/$(BUNDLE_EXECUTABLE_FOLDER_PATH)/ArtworksApp";
			};
			name = Release;
		};
		9CAA6C8D2B82CD1100B056E6 /* Debug */ = {
			isa = XCBuildConfiguration;
			buildSettings = {
				BUNDLE_LOADER = "$(TEST_HOST)";
				CODE_SIGN_STYLE = Automatic;
				CURRENT_PROJECT_VERSION = 1;
				DEVELOPMENT_TEAM = 5A8822F6XB;
				GENERATE_INFOPLIST_FILE = YES;
				MARKETING_VERSION = 1.0;
				PRODUCT_BUNDLE_IDENTIFIER = com.vitor.pires.artworks.DataTests;
				PRODUCT_NAME = "$(TARGET_NAME)";
				SWIFT_EMIT_LOC_STRINGS = NO;
				SWIFT_VERSION = 5.0;
				TARGETED_DEVICE_FAMILY = "1,2";
				TEST_HOST = "$(BUILT_PRODUCTS_DIR)/ArtworksApp.app/$(BUNDLE_EXECUTABLE_FOLDER_PATH)/ArtworksApp";
			};
			name = Debug;
		};
		9CAA6C8E2B82CD1100B056E6 /* Release */ = {
			isa = XCBuildConfiguration;
			buildSettings = {
				BUNDLE_LOADER = "$(TEST_HOST)";
				CODE_SIGN_STYLE = Automatic;
				CURRENT_PROJECT_VERSION = 1;
				DEVELOPMENT_TEAM = 5A8822F6XB;
				GENERATE_INFOPLIST_FILE = YES;
				MARKETING_VERSION = 1.0;
				PRODUCT_BUNDLE_IDENTIFIER = com.vitor.pires.artworks.DataTests;
				PRODUCT_NAME = "$(TARGET_NAME)";
				SWIFT_EMIT_LOC_STRINGS = NO;
				SWIFT_VERSION = 5.0;
				TARGETED_DEVICE_FAMILY = "1,2";
				TEST_HOST = "$(BUILT_PRODUCTS_DIR)/ArtworksApp.app/$(BUNDLE_EXECUTABLE_FOLDER_PATH)/ArtworksApp";
			};
			name = Release;
		};
		9CFA8A1F2B7EABE8007C78DA /* Debug */ = {
			isa = XCBuildConfiguration;
			buildSettings = {
				ALWAYS_SEARCH_USER_PATHS = NO;
				ASSETCATALOG_COMPILER_GENERATE_SWIFT_ASSET_SYMBOL_EXTENSIONS = YES;
				CLANG_ANALYZER_NONNULL = YES;
				CLANG_ANALYZER_NUMBER_OBJECT_CONVERSION = YES_AGGRESSIVE;
				CLANG_CXX_LANGUAGE_STANDARD = "gnu++20";
				CLANG_ENABLE_MODULES = YES;
				CLANG_ENABLE_OBJC_ARC = YES;
				CLANG_ENABLE_OBJC_WEAK = YES;
				CLANG_WARN_BLOCK_CAPTURE_AUTORELEASING = YES;
				CLANG_WARN_BOOL_CONVERSION = YES;
				CLANG_WARN_COMMA = YES;
				CLANG_WARN_CONSTANT_CONVERSION = YES;
				CLANG_WARN_DEPRECATED_OBJC_IMPLEMENTATIONS = YES;
				CLANG_WARN_DIRECT_OBJC_ISA_USAGE = YES_ERROR;
				CLANG_WARN_DOCUMENTATION_COMMENTS = YES;
				CLANG_WARN_EMPTY_BODY = YES;
				CLANG_WARN_ENUM_CONVERSION = YES;
				CLANG_WARN_INFINITE_RECURSION = YES;
				CLANG_WARN_INT_CONVERSION = YES;
				CLANG_WARN_NON_LITERAL_NULL_CONVERSION = YES;
				CLANG_WARN_OBJC_IMPLICIT_RETAIN_SELF = YES;
				CLANG_WARN_OBJC_LITERAL_CONVERSION = YES;
				CLANG_WARN_OBJC_ROOT_CLASS = YES_ERROR;
				CLANG_WARN_QUOTED_INCLUDE_IN_FRAMEWORK_HEADER = YES;
				CLANG_WARN_RANGE_LOOP_ANALYSIS = YES;
				CLANG_WARN_STRICT_PROTOTYPES = YES;
				CLANG_WARN_SUSPICIOUS_MOVE = YES;
				CLANG_WARN_UNGUARDED_AVAILABILITY = YES_AGGRESSIVE;
				CLANG_WARN_UNREACHABLE_CODE = YES;
				CLANG_WARN__DUPLICATE_METHOD_MATCH = YES;
				COPY_PHASE_STRIP = NO;
				DEBUG_INFORMATION_FORMAT = dwarf;
				ENABLE_STRICT_OBJC_MSGSEND = YES;
				ENABLE_TESTABILITY = YES;
				ENABLE_USER_SCRIPT_SANDBOXING = YES;
				GCC_C_LANGUAGE_STANDARD = gnu17;
				GCC_DYNAMIC_NO_PIC = NO;
				GCC_NO_COMMON_BLOCKS = YES;
				GCC_OPTIMIZATION_LEVEL = 0;
				GCC_PREPROCESSOR_DEFINITIONS = (
					"DEBUG=1",
					"$(inherited)",
				);
				GCC_WARN_64_TO_32_BIT_CONVERSION = YES;
				GCC_WARN_ABOUT_RETURN_TYPE = YES_ERROR;
				GCC_WARN_UNDECLARED_SELECTOR = YES;
				GCC_WARN_UNINITIALIZED_AUTOS = YES_AGGRESSIVE;
				GCC_WARN_UNUSED_FUNCTION = YES;
				GCC_WARN_UNUSED_VARIABLE = YES;
				IPHONEOS_DEPLOYMENT_TARGET = 17.2;
				LOCALIZATION_PREFERS_STRING_CATALOGS = YES;
				MTL_ENABLE_DEBUG_INFO = INCLUDE_SOURCE;
				MTL_FAST_MATH = YES;
				ONLY_ACTIVE_ARCH = YES;
				SDKROOT = iphoneos;
				SWIFT_ACTIVE_COMPILATION_CONDITIONS = "DEBUG $(inherited)";
				SWIFT_OPTIMIZATION_LEVEL = "-Onone";
			};
			name = Debug;
		};
		9CFA8A202B7EABE8007C78DA /* Release */ = {
			isa = XCBuildConfiguration;
			buildSettings = {
				ALWAYS_SEARCH_USER_PATHS = NO;
				ASSETCATALOG_COMPILER_GENERATE_SWIFT_ASSET_SYMBOL_EXTENSIONS = YES;
				CLANG_ANALYZER_NONNULL = YES;
				CLANG_ANALYZER_NUMBER_OBJECT_CONVERSION = YES_AGGRESSIVE;
				CLANG_CXX_LANGUAGE_STANDARD = "gnu++20";
				CLANG_ENABLE_MODULES = YES;
				CLANG_ENABLE_OBJC_ARC = YES;
				CLANG_ENABLE_OBJC_WEAK = YES;
				CLANG_WARN_BLOCK_CAPTURE_AUTORELEASING = YES;
				CLANG_WARN_BOOL_CONVERSION = YES;
				CLANG_WARN_COMMA = YES;
				CLANG_WARN_CONSTANT_CONVERSION = YES;
				CLANG_WARN_DEPRECATED_OBJC_IMPLEMENTATIONS = YES;
				CLANG_WARN_DIRECT_OBJC_ISA_USAGE = YES_ERROR;
				CLANG_WARN_DOCUMENTATION_COMMENTS = YES;
				CLANG_WARN_EMPTY_BODY = YES;
				CLANG_WARN_ENUM_CONVERSION = YES;
				CLANG_WARN_INFINITE_RECURSION = YES;
				CLANG_WARN_INT_CONVERSION = YES;
				CLANG_WARN_NON_LITERAL_NULL_CONVERSION = YES;
				CLANG_WARN_OBJC_IMPLICIT_RETAIN_SELF = YES;
				CLANG_WARN_OBJC_LITERAL_CONVERSION = YES;
				CLANG_WARN_OBJC_ROOT_CLASS = YES_ERROR;
				CLANG_WARN_QUOTED_INCLUDE_IN_FRAMEWORK_HEADER = YES;
				CLANG_WARN_RANGE_LOOP_ANALYSIS = YES;
				CLANG_WARN_STRICT_PROTOTYPES = YES;
				CLANG_WARN_SUSPICIOUS_MOVE = YES;
				CLANG_WARN_UNGUARDED_AVAILABILITY = YES_AGGRESSIVE;
				CLANG_WARN_UNREACHABLE_CODE = YES;
				CLANG_WARN__DUPLICATE_METHOD_MATCH = YES;
				COPY_PHASE_STRIP = NO;
				DEBUG_INFORMATION_FORMAT = "dwarf-with-dsym";
				ENABLE_NS_ASSERTIONS = NO;
				ENABLE_STRICT_OBJC_MSGSEND = YES;
				ENABLE_USER_SCRIPT_SANDBOXING = YES;
				GCC_C_LANGUAGE_STANDARD = gnu17;
				GCC_NO_COMMON_BLOCKS = YES;
				GCC_WARN_64_TO_32_BIT_CONVERSION = YES;
				GCC_WARN_ABOUT_RETURN_TYPE = YES_ERROR;
				GCC_WARN_UNDECLARED_SELECTOR = YES;
				GCC_WARN_UNINITIALIZED_AUTOS = YES_AGGRESSIVE;
				GCC_WARN_UNUSED_FUNCTION = YES;
				GCC_WARN_UNUSED_VARIABLE = YES;
				IPHONEOS_DEPLOYMENT_TARGET = 17.2;
				LOCALIZATION_PREFERS_STRING_CATALOGS = YES;
				MTL_ENABLE_DEBUG_INFO = NO;
				MTL_FAST_MATH = YES;
				SDKROOT = iphoneos;
				SWIFT_COMPILATION_MODE = wholemodule;
				VALIDATE_PRODUCT = YES;
			};
			name = Release;
		};
		9CFA8A222B7EABE8007C78DA /* Debug */ = {
			isa = XCBuildConfiguration;
			buildSettings = {
				ALWAYS_EMBED_SWIFT_STANDARD_LIBRARIES = YES;
				ASSETCATALOG_COMPILER_APPICON_NAME = AppIcon;
				ASSETCATALOG_COMPILER_GLOBAL_ACCENT_COLOR_NAME = AccentColor;
				CODE_SIGN_STYLE = Automatic;
				CURRENT_PROJECT_VERSION = 1;
				DEVELOPMENT_ASSET_PATHS = "\"ArtworksApp/Preview Content\"";
				DEVELOPMENT_TEAM = 5A8822F6XB;
				ENABLE_PREVIEWS = YES;
				GENERATE_INFOPLIST_FILE = YES;
				INFOPLIST_KEY_UIApplicationSceneManifest_Generation = YES;
				INFOPLIST_KEY_UIApplicationSupportsIndirectInputEvents = YES;
				INFOPLIST_KEY_UILaunchScreen_Generation = YES;
				INFOPLIST_KEY_UISupportedInterfaceOrientations_iPad = "UIInterfaceOrientationPortrait UIInterfaceOrientationPortraitUpsideDown UIInterfaceOrientationLandscapeLeft UIInterfaceOrientationLandscapeRight";
				INFOPLIST_KEY_UISupportedInterfaceOrientations_iPhone = "UIInterfaceOrientationPortrait UIInterfaceOrientationLandscapeLeft UIInterfaceOrientationLandscapeRight";
				LD_RUNPATH_SEARCH_PATHS = (
					"$(inherited)",
					"@executable_path/Frameworks",
				);
				MARKETING_VERSION = 1.0;
				PRODUCT_BUNDLE_IDENTIFIER = com.vitor.pires.artworks.ArtworksApp;
				PRODUCT_NAME = "$(TARGET_NAME)";
				SWIFT_EMIT_LOC_STRINGS = YES;
				SWIFT_VERSION = 5.0;
				TARGETED_DEVICE_FAMILY = "1,2";
			};
			name = Debug;
		};
		9CFA8A232B7EABE8007C78DA /* Release */ = {
			isa = XCBuildConfiguration;
			buildSettings = {
				ALWAYS_EMBED_SWIFT_STANDARD_LIBRARIES = YES;
				ASSETCATALOG_COMPILER_APPICON_NAME = AppIcon;
				ASSETCATALOG_COMPILER_GLOBAL_ACCENT_COLOR_NAME = AccentColor;
				CODE_SIGN_STYLE = Automatic;
				CURRENT_PROJECT_VERSION = 1;
				DEVELOPMENT_ASSET_PATHS = "\"ArtworksApp/Preview Content\"";
				DEVELOPMENT_TEAM = 5A8822F6XB;
				ENABLE_PREVIEWS = YES;
				GENERATE_INFOPLIST_FILE = YES;
				INFOPLIST_KEY_UIApplicationSceneManifest_Generation = YES;
				INFOPLIST_KEY_UIApplicationSupportsIndirectInputEvents = YES;
				INFOPLIST_KEY_UILaunchScreen_Generation = YES;
				INFOPLIST_KEY_UISupportedInterfaceOrientations_iPad = "UIInterfaceOrientationPortrait UIInterfaceOrientationPortraitUpsideDown UIInterfaceOrientationLandscapeLeft UIInterfaceOrientationLandscapeRight";
				INFOPLIST_KEY_UISupportedInterfaceOrientations_iPhone = "UIInterfaceOrientationPortrait UIInterfaceOrientationLandscapeLeft UIInterfaceOrientationLandscapeRight";
				LD_RUNPATH_SEARCH_PATHS = (
					"$(inherited)",
					"@executable_path/Frameworks",
				);
				MARKETING_VERSION = 1.0;
				PRODUCT_BUNDLE_IDENTIFIER = com.vitor.pires.artworks.ArtworksApp;
				PRODUCT_NAME = "$(TARGET_NAME)";
				SWIFT_EMIT_LOC_STRINGS = YES;
				SWIFT_VERSION = 5.0;
				TARGETED_DEVICE_FAMILY = "1,2";
			};
			name = Release;
		};
		9CFA8A342B7EABFF007C78DA /* Debug */ = {
			isa = XCBuildConfiguration;
			buildSettings = {
				CODE_SIGN_STYLE = Automatic;
				CURRENT_PROJECT_VERSION = 1;
				DEFINES_MODULE = YES;
				DEVELOPMENT_TEAM = 5A8822F6XB;
				DYLIB_COMPATIBILITY_VERSION = 1;
				DYLIB_CURRENT_VERSION = 1;
				DYLIB_INSTALL_NAME_BASE = "@rpath";
				ENABLE_MODULE_VERIFIER = YES;
				GENERATE_INFOPLIST_FILE = YES;
				INFOPLIST_KEY_NSHumanReadableCopyright = "";
				INSTALL_PATH = "$(LOCAL_LIBRARY_DIR)/Frameworks";
				LD_RUNPATH_SEARCH_PATHS = (
					"$(inherited)",
					"@executable_path/Frameworks",
					"@loader_path/Frameworks",
				);
				MARKETING_VERSION = 1.0;
				MODULE_VERIFIER_SUPPORTED_LANGUAGES = "objective-c objective-c++";
				MODULE_VERIFIER_SUPPORTED_LANGUAGE_STANDARDS = "gnu17 gnu++20";
				PRODUCT_BUNDLE_IDENTIFIER = com.vitor.pires.artworks.Domain;
				PRODUCT_NAME = "$(TARGET_NAME:c99extidentifier)";
				SKIP_INSTALL = YES;
				SUPPORTED_PLATFORMS = "iphoneos iphonesimulator";
				SUPPORTS_MACCATALYST = YES;
				SUPPORTS_MAC_DESIGNED_FOR_IPHONE_IPAD = YES;
				SUPPORTS_XR_DESIGNED_FOR_IPHONE_IPAD = YES;
				SWIFT_EMIT_LOC_STRINGS = YES;
				SWIFT_VERSION = 5.0;
				TARGETED_DEVICE_FAMILY = "1,2,6";
				VERSIONING_SYSTEM = "apple-generic";
				VERSION_INFO_PREFIX = "";
			};
			name = Debug;
		};
		9CFA8A352B7EABFF007C78DA /* Release */ = {
			isa = XCBuildConfiguration;
			buildSettings = {
				CODE_SIGN_STYLE = Automatic;
				CURRENT_PROJECT_VERSION = 1;
				DEFINES_MODULE = YES;
				DEVELOPMENT_TEAM = 5A8822F6XB;
				DYLIB_COMPATIBILITY_VERSION = 1;
				DYLIB_CURRENT_VERSION = 1;
				DYLIB_INSTALL_NAME_BASE = "@rpath";
				ENABLE_MODULE_VERIFIER = YES;
				GENERATE_INFOPLIST_FILE = YES;
				INFOPLIST_KEY_NSHumanReadableCopyright = "";
				INSTALL_PATH = "$(LOCAL_LIBRARY_DIR)/Frameworks";
				LD_RUNPATH_SEARCH_PATHS = (
					"$(inherited)",
					"@executable_path/Frameworks",
					"@loader_path/Frameworks",
				);
				MARKETING_VERSION = 1.0;
				MODULE_VERIFIER_SUPPORTED_LANGUAGES = "objective-c objective-c++";
				MODULE_VERIFIER_SUPPORTED_LANGUAGE_STANDARDS = "gnu17 gnu++20";
				PRODUCT_BUNDLE_IDENTIFIER = com.vitor.pires.artworks.Domain;
				PRODUCT_NAME = "$(TARGET_NAME:c99extidentifier)";
				SKIP_INSTALL = YES;
				SUPPORTED_PLATFORMS = "iphoneos iphonesimulator";
				SUPPORTS_MACCATALYST = YES;
				SUPPORTS_MAC_DESIGNED_FOR_IPHONE_IPAD = YES;
				SUPPORTS_XR_DESIGNED_FOR_IPHONE_IPAD = YES;
				SWIFT_EMIT_LOC_STRINGS = YES;
				SWIFT_VERSION = 5.0;
				TARGETED_DEVICE_FAMILY = "1,2,6";
				VERSIONING_SYSTEM = "apple-generic";
				VERSION_INFO_PREFIX = "";
			};
			name = Release;
		};
		9CFA8A542B7EAC0D007C78DA /* Debug */ = {
			isa = XCBuildConfiguration;
			buildSettings = {
				CODE_SIGN_STYLE = Automatic;
				CURRENT_PROJECT_VERSION = 1;
				DEFINES_MODULE = YES;
				DEVELOPMENT_TEAM = 5A8822F6XB;
				DYLIB_COMPATIBILITY_VERSION = 1;
				DYLIB_CURRENT_VERSION = 1;
				DYLIB_INSTALL_NAME_BASE = "@rpath";
				ENABLE_MODULE_VERIFIER = YES;
				GENERATE_INFOPLIST_FILE = YES;
				INFOPLIST_KEY_NSHumanReadableCopyright = "";
				INSTALL_PATH = "$(LOCAL_LIBRARY_DIR)/Frameworks";
				LD_RUNPATH_SEARCH_PATHS = (
					"$(inherited)",
					"@executable_path/Frameworks",
					"@loader_path/Frameworks",
				);
				MARKETING_VERSION = 1.0;
				MODULE_VERIFIER_SUPPORTED_LANGUAGES = "objective-c objective-c++";
				MODULE_VERIFIER_SUPPORTED_LANGUAGE_STANDARDS = "gnu17 gnu++20";
				PRODUCT_BUNDLE_IDENTIFIER = com.vitor.pires.artworks.Data;
				PRODUCT_NAME = "$(TARGET_NAME:c99extidentifier)";
				SKIP_INSTALL = YES;
				SUPPORTED_PLATFORMS = "iphoneos iphonesimulator";
				SUPPORTS_MACCATALYST = YES;
				SUPPORTS_MAC_DESIGNED_FOR_IPHONE_IPAD = YES;
				SUPPORTS_XR_DESIGNED_FOR_IPHONE_IPAD = YES;
				SWIFT_EMIT_LOC_STRINGS = YES;
				SWIFT_VERSION = 5.0;
				TARGETED_DEVICE_FAMILY = "1,2,6";
				VERSIONING_SYSTEM = "apple-generic";
				VERSION_INFO_PREFIX = "";
			};
			name = Debug;
		};
		9CFA8A552B7EAC0D007C78DA /* Release */ = {
			isa = XCBuildConfiguration;
			buildSettings = {
				CODE_SIGN_STYLE = Automatic;
				CURRENT_PROJECT_VERSION = 1;
				DEFINES_MODULE = YES;
				DEVELOPMENT_TEAM = 5A8822F6XB;
				DYLIB_COMPATIBILITY_VERSION = 1;
				DYLIB_CURRENT_VERSION = 1;
				DYLIB_INSTALL_NAME_BASE = "@rpath";
				ENABLE_MODULE_VERIFIER = YES;
				GENERATE_INFOPLIST_FILE = YES;
				INFOPLIST_KEY_NSHumanReadableCopyright = "";
				INSTALL_PATH = "$(LOCAL_LIBRARY_DIR)/Frameworks";
				LD_RUNPATH_SEARCH_PATHS = (
					"$(inherited)",
					"@executable_path/Frameworks",
					"@loader_path/Frameworks",
				);
				MARKETING_VERSION = 1.0;
				MODULE_VERIFIER_SUPPORTED_LANGUAGES = "objective-c objective-c++";
				MODULE_VERIFIER_SUPPORTED_LANGUAGE_STANDARDS = "gnu17 gnu++20";
				PRODUCT_BUNDLE_IDENTIFIER = com.vitor.pires.artworks.Data;
				PRODUCT_NAME = "$(TARGET_NAME:c99extidentifier)";
				SKIP_INSTALL = YES;
				SUPPORTED_PLATFORMS = "iphoneos iphonesimulator";
				SUPPORTS_MACCATALYST = YES;
				SUPPORTS_MAC_DESIGNED_FOR_IPHONE_IPAD = YES;
				SUPPORTS_XR_DESIGNED_FOR_IPHONE_IPAD = YES;
				SWIFT_EMIT_LOC_STRINGS = YES;
				SWIFT_VERSION = 5.0;
				TARGETED_DEVICE_FAMILY = "1,2,6";
				VERSIONING_SYSTEM = "apple-generic";
				VERSION_INFO_PREFIX = "";
			};
			name = Release;
		};
/* End XCBuildConfiguration section */

/* Begin XCConfigurationList section */
		9C1192402B7EC3B4001B6CD4 /* Build configuration list for PBXNativeTarget "Presentation" */ = {
			isa = XCConfigurationList;
			buildConfigurations = (
				9C1192412B7EC3B4001B6CD4 /* Debug */,
				9C1192422B7EC3B4001B6CD4 /* Release */,
			);
			defaultConfigurationIsVisible = 0;
			defaultConfigurationName = Release;
		};
		9C1192432B7EC3B4001B6CD4 /* Build configuration list for PBXNativeTarget "PresentationTests" */ = {
			isa = XCConfigurationList;
			buildConfigurations = (
				9C1192442B7EC3B4001B6CD4 /* Debug */,
				9C1192452B7EC3B4001B6CD4 /* Release */,
			);
			defaultConfigurationIsVisible = 0;
			defaultConfigurationName = Release;
		};
		9CAA6C8C2B82CD1100B056E6 /* Build configuration list for PBXNativeTarget "DataTests" */ = {
			isa = XCConfigurationList;
			buildConfigurations = (
				9CAA6C8D2B82CD1100B056E6 /* Debug */,
				9CAA6C8E2B82CD1100B056E6 /* Release */,
			);
			defaultConfigurationIsVisible = 0;
			defaultConfigurationName = Release;
		};
		9CFA8A0E2B7EABE6007C78DA /* Build configuration list for PBXProject "ArtworksApp" */ = {
			isa = XCConfigurationList;
			buildConfigurations = (
				9CFA8A1F2B7EABE8007C78DA /* Debug */,
				9CFA8A202B7EABE8007C78DA /* Release */,
			);
			defaultConfigurationIsVisible = 0;
			defaultConfigurationName = Release;
		};
		9CFA8A212B7EABE8007C78DA /* Build configuration list for PBXNativeTarget "ArtworksApp" */ = {
			isa = XCConfigurationList;
			buildConfigurations = (
				9CFA8A222B7EABE8007C78DA /* Debug */,
				9CFA8A232B7EABE8007C78DA /* Release */,
			);
			defaultConfigurationIsVisible = 0;
			defaultConfigurationName = Release;
		};
		9CFA8A332B7EABFF007C78DA /* Build configuration list for PBXNativeTarget "Domain" */ = {
			isa = XCConfigurationList;
			buildConfigurations = (
				9CFA8A342B7EABFF007C78DA /* Debug */,
				9CFA8A352B7EABFF007C78DA /* Release */,
			);
			defaultConfigurationIsVisible = 0;
			defaultConfigurationName = Release;
		};
		9CFA8A532B7EAC0D007C78DA /* Build configuration list for PBXNativeTarget "Data" */ = {
			isa = XCConfigurationList;
			buildConfigurations = (
				9CFA8A542B7EAC0D007C78DA /* Debug */,
				9CFA8A552B7EAC0D007C78DA /* Release */,
			);
			defaultConfigurationIsVisible = 0;
			defaultConfigurationName = Release;
		};
/* End XCConfigurationList section */
	};
	rootObject = 9CFA8A0B2B7EABE6007C78DA /* Project object */;
}
